
Microsoft Visual Studio Solution File, Format Version 12.00
# Visual Studio Version 17
VisualStudioVersion = 17.10.34916.146
MinimumVisualStudioVersion = 10.0.40219.1
Project("{9A19103F-16F7-4668-BE54-9A1E7A4F7556}") = "Domain", "Domain\Domain.csproj", "{4A22CDD1-DE24-4560-BA2F-817DC2F665BB}"
EndProject
Project("{9A19103F-16F7-4668-BE54-9A1E7A4F7556}") = "Application", "Application\Application.csproj", "{378DFF92-1B6B-4D07-A9D3-5EA93D3228F8}"
EndProject
Project("{9A19103F-16F7-4668-BE54-9A1E7A4F7556}") = "Application.Contracts", "Application.Contracts\Application.Contracts.csproj", "{46A4B0BF-4D1A-4EAD-B483-0118138332C8}"
EndProject
Project("{9A19103F-16F7-4668-BE54-9A1E7A4F7556}") = "Infrastructure.EfCore", "Infrastructure.EfCore\Infrastructure.EfCore.csproj", "{FDD5AD28-2A1B-405D-9080-19901AA1CE83}"
EndProject
Project("{9A19103F-16F7-4668-BE54-9A1E7A4F7556}") = "Presentation.MvcCore", "Presentation.MvcCore\Presentation.MvcCore\Presentation.MvcCore.csproj", "{863A7DB4-4885-452B-8797-3CBD146B719F}"
EndProject
Project("{FAE04EC0-301F-11D3-BF4B-00C04F79EFBC}") = "Infrastructure.Query", "Infrastructure.Query\Infrastructure.Query.csproj", "{11B9C5E2-E13E-4D65-9176-5910600D2F24}"
EndProject
Global
	GlobalSection(SolutionConfigurationPlatforms) = preSolution
		Debug|Any CPU = Debug|Any CPU
		Release|Any CPU = Release|Any CPU
	EndGlobalSection
	GlobalSection(ProjectConfigurationPlatforms) = postSolution
		{4A22CDD1-DE24-4560-BA2F-817DC2F665BB}.Debug|Any CPU.ActiveCfg = Debug|Any CPU
		{4A22CDD1-DE24-4560-BA2F-817DC2F665BB}.Debug|Any CPU.Build.0 = Debug|Any CPU
		{4A22CDD1-DE24-4560-BA2F-817DC2F665BB}.Release|Any CPU.ActiveCfg = Release|Any CPU
		{4A22CDD1-DE24-4560-BA2F-817DC2F665BB}.Release|Any CPU.Build.0 = Release|Any CPU
		{378DFF92-1B6B-4D07-A9D3-5EA93D3228F8}.Debug|Any CPU.ActiveCfg = Debug|Any CPU
		{378DFF92-1B6B-4D07-A9D3-5EA93D3228F8}.Debug|Any CPU.Build.0 = Debug|Any CPU
		{378DFF92-1B6B-4D07-A9D3-5EA93D3228F8}.Release|Any CPU.ActiveCfg = Release|Any CPU
		{378DFF92-1B6B-4D07-A9D3-5EA93D3228F8}.Release|Any CPU.Build.0 = Release|Any CPU
		{46A4B0BF-4D1A-4EAD-B483-0118138332C8}.Debug|Any CPU.ActiveCfg = Debug|Any CPU
		{46A4B0BF-4D1A-4EAD-B483-0118138332C8}.Debug|Any CPU.Build.0 = Debug|Any CPU
		{46A4B0BF-4D1A-4EAD-B483-0118138332C8}.Release|Any CPU.ActiveCfg = Release|Any CPU
		{46A4B0BF-4D1A-4EAD-B483-0118138332C8}.Release|Any CPU.Build.0 = Release|Any CPU
		{FDD5AD28-2A1B-405D-9080-19901AA1CE83}.Debug|Any CPU.ActiveCfg = Debug|Any CPU
		{FDD5AD28-2A1B-405D-9080-19901AA1CE83}.Debug|Any CPU.Build.0 = Debug|Any CPU
		{FDD5AD28-2A1B-405D-9080-19901AA1CE83}.Release|Any CPU.ActiveCfg = Release|Any CPU
		{FDD5AD28-2A1B-405D-9080-19901AA1CE83}.Release|Any CPU.Build.0 = Release|Any CPU
		{863A7DB4-4885-452B-8797-3CBD146B719F}.Debug|Any CPU.ActiveCfg = Debug|Any CPU
		{863A7DB4-4885-452B-8797-3CBD146B719F}.Debug|Any CPU.Build.0 = Debug|Any CPU
		{863A7DB4-4885-452B-8797-3CBD146B719F}.Release|Any CPU.ActiveCfg = Release|Any CPU
		{863A7DB4-4885-452B-8797-3CBD146B719F}.Release|Any CPU.Build.0 = Release|Any CPU
		{11B9C5E2-E13E-4D65-9176-5910600D2F24}.Debug|Any CPU.ActiveCfg = Debug|Any CPU
		{11B9C5E2-E13E-4D65-9176-5910600D2F24}.Debug|Any CPU.Build.0 = Debug|Any CPU
		{11B9C5E2-E13E-4D65-9176-5910600D2F24}.Release|Any CPU.ActiveCfg = Release|Any CPU
		{11B9C5E2-E13E-4D65-9176-5910600D2F24}.Release|Any CPU.Build.0 = Release|Any CPU
	EndGlobalSection
	GlobalSection(SolutionProperties) = preSolution
		HideSolutionNode = FALSE
	EndGlobalSection
	GlobalSection(ExtensibilityGlobals) = postSolution
		SolutionGuid = {1D60986E-EFDC-4C22-9525-CC4F4E127391}
	EndGlobalSection
EndGlobal
